// !$*UTF8*$!
{
	archiveVersion = 1;
	classes = {
	};
	objectVersion = 56;
	objects = {

/* Begin PBXBuildFile section */
		33306DFF2B3FD28D00BC6DD2 /* PetsUIApp.swift in Sources */ = {isa = PBXBuildFile; fileRef = 33306DFE2B3FD28D00BC6DD2 /* PetsUIApp.swift */; };
		33306E012B3FD28D00BC6DD2 /* ContentView.swift in Sources */ = {isa = PBXBuildFile; fileRef = 33306E002B3FD28D00BC6DD2 /* ContentView.swift */; };
		33306E032B3FD28E00BC6DD2 /* Assets.xcassets in Resources */ = {isa = PBXBuildFile; fileRef = 33306E022B3FD28E00BC6DD2 /* Assets.xcassets */; };
		33306E062B3FD28E00BC6DD2 /* Preview Assets.xcassets in Resources */ = {isa = PBXBuildFile; fileRef = 33306E052B3FD28E00BC6DD2 /* Preview Assets.xcassets */; };
		33306E102B3FD28E00BC6DD2 /* PetsUITests.swift in Sources */ = {isa = PBXBuildFile; fileRef = 33306E0F2B3FD28E00BC6DD2 /* PetsUITests.swift */; };
		33306E1A2B3FD28E00BC6DD2 /* PetsUIUITests.swift in Sources */ = {isa = PBXBuildFile; fileRef = 33306E192B3FD28E00BC6DD2 /* PetsUIUITests.swift */; };
		33306E1C2B3FD28E00BC6DD2 /* PetsUIUITestsLaunchTests.swift in Sources */ = {isa = PBXBuildFile; fileRef = 33306E1B2B3FD28E00BC6DD2 /* PetsUIUITestsLaunchTests.swift */; };
		33C6ABBA2B4248FE00875FBA /* Dictonary + Extension.swift in Sources */ = {isa = PBXBuildFile; fileRef = 33C6ABB92B4248FE00875FBA /* Dictonary + Extension.swift */; };
		9CFAE8932B40157C00E49666 /* WebService.swift in Sources */ = {isa = PBXBuildFile; fileRef = 9CFAE8922B40157C00E49666 /* WebService.swift */; };
		9CFAE8962B4015B400E49666 /* Cosntant.swift in Sources */ = {isa = PBXBuildFile; fileRef = 9CFAE8952B4015B400E49666 /* Cosntant.swift */; };
		9CFAE8992B40174400E49666 /* ScreenModel.swift in Sources */ = {isa = PBXBuildFile; fileRef = 9CFAE8982B40174400E49666 /* ScreenModel.swift */; };
		9CFAE89C2B40190F00E49666 /* UIComponents.swift in Sources */ = {isa = PBXBuildFile; fileRef = 9CFAE89B2B40190F00E49666 /* UIComponents.swift */; };
		9CFAE89E2B40199100E49666 /* FeaturedImageComponent.swift in Sources */ = {isa = PBXBuildFile; fileRef = 9CFAE89D2B40199100E49666 /* FeaturedImageComponent.swift */; };
		9CFAE8A02B40313400E49666 /* FeaturedImageUIModel.swift in Sources */ = {isa = PBXBuildFile; fileRef = 9CFAE89F2B40313400E49666 /* FeaturedImageUIModel.swift */; };
		9CFAE8A32B40323900E49666 /* View+Extensions.swift in Sources */ = {isa = PBXBuildFile; fileRef = 9CFAE8A22B40323900E49666 /* View+Extensions.swift */; };
		9CFAE8A62B40332100E49666 /* PetListViewModel.swift in Sources */ = {isa = PBXBuildFile; fileRef = 9CFAE8A52B40332100E49666 /* PetListViewModel.swift */; };
/* End PBXBuildFile section */

/* Begin PBXContainerItemProxy section */
		33306E0C2B3FD28E00BC6DD2 /* PBXContainerItemProxy */ = {
			isa = PBXContainerItemProxy;
			containerPortal = 33306DF32B3FD28C00BC6DD2 /* Project object */;
			proxyType = 1;
			remoteGlobalIDString = 33306DFA2B3FD28D00BC6DD2;
			remoteInfo = PetsUI;
		};
		33306E162B3FD28E00BC6DD2 /* PBXContainerItemProxy */ = {
			isa = PBXContainerItemProxy;
			containerPortal = 33306DF32B3FD28C00BC6DD2 /* Project object */;
			proxyType = 1;
			remoteGlobalIDString = 33306DFA2B3FD28D00BC6DD2;
			remoteInfo = PetsUI;
		};
/* End PBXContainerItemProxy section */

/* Begin PBXFileReference section */
		33306DFB2B3FD28D00BC6DD2 /* PetsUI.app */ = {isa = PBXFileReference; explicitFileType = wrapper.application; includeInIndex = 0; path = PetsUI.app; sourceTree = BUILT_PRODUCTS_DIR; };
		33306DFE2B3FD28D00BC6DD2 /* PetsUIApp.swift */ = {isa = PBXFileReference; lastKnownFileType = sourcecode.swift; path = PetsUIApp.swift; sourceTree = "<group>"; };
		33306E002B3FD28D00BC6DD2 /* ContentView.swift */ = {isa = PBXFileReference; lastKnownFileType = sourcecode.swift; path = ContentView.swift; sourceTree = "<group>"; };
		33306E022B3FD28E00BC6DD2 /* Assets.xcassets */ = {isa = PBXFileReference; lastKnownFileType = folder.assetcatalog; path = Assets.xcassets; sourceTree = "<group>"; };
		33306E052B3FD28E00BC6DD2 /* Preview Assets.xcassets */ = {isa = PBXFileReference; lastKnownFileType = folder.assetcatalog; path = "Preview Assets.xcassets"; sourceTree = "<group>"; };
		33306E0B2B3FD28E00BC6DD2 /* PetsUITests.xctest */ = {isa = PBXFileReference; explicitFileType = wrapper.cfbundle; includeInIndex = 0; path = PetsUITests.xctest; sourceTree = BUILT_PRODUCTS_DIR; };
		33306E0F2B3FD28E00BC6DD2 /* PetsUITests.swift */ = {isa = PBXFileReference; lastKnownFileType = sourcecode.swift; path = PetsUITests.swift; sourceTree = "<group>"; };
		33306E152B3FD28E00BC6DD2 /* PetsUIUITests.xctest */ = {isa = PBXFileReference; explicitFileType = wrapper.cfbundle; includeInIndex = 0; path = PetsUIUITests.xctest; sourceTree = BUILT_PRODUCTS_DIR; };
		33306E192B3FD28E00BC6DD2 /* PetsUIUITests.swift */ = {isa = PBXFileReference; lastKnownFileType = sourcecode.swift; path = PetsUIUITests.swift; sourceTree = "<group>"; };
		33306E1B2B3FD28E00BC6DD2 /* PetsUIUITestsLaunchTests.swift */ = {isa = PBXFileReference; lastKnownFileType = sourcecode.swift; path = PetsUIUITestsLaunchTests.swift; sourceTree = "<group>"; };
		33C6ABB92B4248FE00875FBA /* Dictonary + Extension.swift */ = {isa = PBXFileReference; lastKnownFileType = sourcecode.swift; path = "Dictonary + Extension.swift"; sourceTree = "<group>"; };
		9CFAE8922B40157C00E49666 /* WebService.swift */ = {isa = PBXFileReference; lastKnownFileType = sourcecode.swift; path = WebService.swift; sourceTree = "<group>"; };
		9CFAE8952B4015B400E49666 /* Cosntant.swift */ = {isa = PBXFileReference; lastKnownFileType = sourcecode.swift; path = Cosntant.swift; sourceTree = "<group>"; };
		9CFAE8982B40174400E49666 /* ScreenModel.swift */ = {isa = PBXFileReference; lastKnownFileType = sourcecode.swift; path = ScreenModel.swift; sourceTree = "<group>"; };
		9CFAE89B2B40190F00E49666 /* UIComponents.swift */ = {isa = PBXFileReference; lastKnownFileType = sourcecode.swift; path = UIComponents.swift; sourceTree = "<group>"; };
		9CFAE89D2B40199100E49666 /* FeaturedImageComponent.swift */ = {isa = PBXFileReference; lastKnownFileType = sourcecode.swift; path = FeaturedImageComponent.swift; sourceTree = "<group>"; };
		9CFAE89F2B40313400E49666 /* FeaturedImageUIModel.swift */ = {isa = PBXFileReference; lastKnownFileType = sourcecode.swift; path = FeaturedImageUIModel.swift; sourceTree = "<group>"; };
		9CFAE8A22B40323900E49666 /* View+Extensions.swift */ = {isa = PBXFileReference; lastKnownFileType = sourcecode.swift; path = "View+Extensions.swift"; sourceTree = "<group>"; };
		9CFAE8A52B40332100E49666 /* PetListViewModel.swift */ = {isa = PBXFileReference; lastKnownFileType = sourcecode.swift; path = PetListViewModel.swift; sourceTree = "<group>"; };
/* End PBXFileReference section */

/* Begin PBXFrameworksBuildPhase section */
		33306DF82B3FD28D00BC6DD2 /* Frameworks */ = {
			isa = PBXFrameworksBuildPhase;
			buildActionMask = 2147483647;
			files = (
			);
			runOnlyForDeploymentPostprocessing = 0;
		};
		33306E082B3FD28E00BC6DD2 /* Frameworks */ = {
			isa = PBXFrameworksBuildPhase;
			buildActionMask = 2147483647;
			files = (
			);
			runOnlyForDeploymentPostprocessing = 0;
		};
		33306E122B3FD28E00BC6DD2 /* Frameworks */ = {
			isa = PBXFrameworksBuildPhase;
			buildActionMask = 2147483647;
			files = (
			);
			runOnlyForDeploymentPostprocessing = 0;
		};
/* End PBXFrameworksBuildPhase section */

/* Begin PBXGroup section */
		33306DF22B3FD28C00BC6DD2 = {
			isa = PBXGroup;
			children = (
				33306DFD2B3FD28D00BC6DD2 /* PetsUI */,
				33306E0E2B3FD28E00BC6DD2 /* PetsUITests */,
				33306E182B3FD28E00BC6DD2 /* PetsUIUITests */,
				33306DFC2B3FD28D00BC6DD2 /* Products */,
			);
			sourceTree = "<group>";
		};
		33306DFC2B3FD28D00BC6DD2 /* Products */ = {
			isa = PBXGroup;
			children = (
				33306DFB2B3FD28D00BC6DD2 /* PetsUI.app */,
				33306E0B2B3FD28E00BC6DD2 /* PetsUITests.xctest */,
				33306E152B3FD28E00BC6DD2 /* PetsUIUITests.xctest */,
			);
			name = Products;
			sourceTree = "<group>";
		};
		33306DFD2B3FD28D00BC6DD2 /* PetsUI */ = {
			isa = PBXGroup;
			children = (
				9CFAE8A42B40330F00E49666 /* ViewModel */,
				9CFAE8A12B40322100E49666 /* Extension */,
				9CFAE89A2B4018FA00E49666 /* Components */,
				9CFAE8972B40173300E49666 /* UIModels */,
				9CFAE8942B4015A800E49666 /* Utils */,
				9CFAE8912B40156400E49666 /* Services */,
				33306DFE2B3FD28D00BC6DD2 /* PetsUIApp.swift */,
				33306E002B3FD28D00BC6DD2 /* ContentView.swift */,
				33306E022B3FD28E00BC6DD2 /* Assets.xcassets */,
				33306E042B3FD28E00BC6DD2 /* Preview Content */,
			);
			path = PetsUI;
			sourceTree = "<group>";
		};
		33306E042B3FD28E00BC6DD2 /* Preview Content */ = {
			isa = PBXGroup;
			children = (
				33306E052B3FD28E00BC6DD2 /* Preview Assets.xcassets */,
			);
			path = "Preview Content";
			sourceTree = "<group>";
		};
		33306E0E2B3FD28E00BC6DD2 /* PetsUITests */ = {
			isa = PBXGroup;
			children = (
				33306E0F2B3FD28E00BC6DD2 /* PetsUITests.swift */,
			);
			path = PetsUITests;
			sourceTree = "<group>";
		};
		33306E182B3FD28E00BC6DD2 /* PetsUIUITests */ = {
			isa = PBXGroup;
			children = (
				33306E192B3FD28E00BC6DD2 /* PetsUIUITests.swift */,
				33306E1B2B3FD28E00BC6DD2 /* PetsUIUITestsLaunchTests.swift */,
			);
			path = PetsUIUITests;
			sourceTree = "<group>";
		};
		9CFAE8912B40156400E49666 /* Services */ = {
			isa = PBXGroup;
			children = (
				9CFAE8922B40157C00E49666 /* WebService.swift */,
			);
			path = Services;
			sourceTree = "<group>";
		};
		9CFAE8942B4015A800E49666 /* Utils */ = {
			isa = PBXGroup;
			children = (
				9CFAE8952B4015B400E49666 /* Cosntant.swift */,
			);
			path = Utils;
			sourceTree = "<group>";
		};
		9CFAE8972B40173300E49666 /* UIModels */ = {
			isa = PBXGroup;
			children = (
				9CFAE8982B40174400E49666 /* ScreenModel.swift */,
				9CFAE89F2B40313400E49666 /* FeaturedImageUIModel.swift */,
			);
			path = UIModels;
			sourceTree = "<group>";
		};
		9CFAE89A2B4018FA00E49666 /* Components */ = {
			isa = PBXGroup;
			children = (
				9CFAE89B2B40190F00E49666 /* UIComponents.swift */,
				9CFAE89D2B40199100E49666 /* FeaturedImageComponent.swift */,
			);
			path = Components;
			sourceTree = "<group>";
		};
		9CFAE8A12B40322100E49666 /* Extension */ = {
			isa = PBXGroup;
			children = (
				9CFAE8A22B40323900E49666 /* View+Extensions.swift */,
				33C6ABB92B4248FE00875FBA /* Dictonary + Extension.swift */,
			);
			path = Extension;
			sourceTree = "<group>";
		};
		9CFAE8A42B40330F00E49666 /* ViewModel */ = {
			isa = PBXGroup;
			children = (
				9CFAE8A52B40332100E49666 /* PetListViewModel.swift */,
			);
			path = ViewModel;
			sourceTree = "<group>";
		};
/* End PBXGroup section */

/* Begin PBXNativeTarget section */
		33306DFA2B3FD28D00BC6DD2 /* PetsUI */ = {
			isa = PBXNativeTarget;
			buildConfigurationList = 33306E1F2B3FD28E00BC6DD2 /* Build configuration list for PBXNativeTarget "PetsUI" */;
			buildPhases = (
				33306DF72B3FD28D00BC6DD2 /* Sources */,
				33306DF82B3FD28D00BC6DD2 /* Frameworks */,
				33306DF92B3FD28D00BC6DD2 /* Resources */,
			);
			buildRules = (
			);
			dependencies = (
			);
			name = PetsUI;
			productName = PetsUI;
			productReference = 33306DFB2B3FD28D00BC6DD2 /* PetsUI.app */;
			productType = "com.apple.product-type.application";
		};
		33306E0A2B3FD28E00BC6DD2 /* PetsUITests */ = {
			isa = PBXNativeTarget;
			buildConfigurationList = 33306E222B3FD28E00BC6DD2 /* Build configuration list for PBXNativeTarget "PetsUITests" */;
			buildPhases = (
				33306E072B3FD28E00BC6DD2 /* Sources */,
				33306E082B3FD28E00BC6DD2 /* Frameworks */,
				33306E092B3FD28E00BC6DD2 /* Resources */,
			);
			buildRules = (
			);
			dependencies = (
				33306E0D2B3FD28E00BC6DD2 /* PBXTargetDependency */,
			);
			name = PetsUITests;
			productName = PetsUITests;
			productReference = 33306E0B2B3FD28E00BC6DD2 /* PetsUITests.xctest */;
			productType = "com.apple.product-type.bundle.unit-test";
		};
		33306E142B3FD28E00BC6DD2 /* PetsUIUITests */ = {
			isa = PBXNativeTarget;
			buildConfigurationList = 33306E252B3FD28E00BC6DD2 /* Build configuration list for PBXNativeTarget "PetsUIUITests" */;
			buildPhases = (
				33306E112B3FD28E00BC6DD2 /* Sources */,
				33306E122B3FD28E00BC6DD2 /* Frameworks */,
				33306E132B3FD28E00BC6DD2 /* Resources */,
			);
			buildRules = (
			);
			dependencies = (
				33306E172B3FD28E00BC6DD2 /* PBXTargetDependency */,
			);
			name = PetsUIUITests;
			productName = PetsUIUITests;
			productReference = 33306E152B3FD28E00BC6DD2 /* PetsUIUITests.xctest */;
			productType = "com.apple.product-type.bundle.ui-testing";
		};
/* End PBXNativeTarget section */

/* Begin PBXProject section */
		33306DF32B3FD28C00BC6DD2 /* Project object */ = {
			isa = PBXProject;
			attributes = {
				BuildIndependentTargetsInParallel = 1;
				LastSwiftUpdateCheck = 1510;
				LastUpgradeCheck = 1510;
				TargetAttributes = {
					33306DFA2B3FD28D00BC6DD2 = {
						CreatedOnToolsVersion = 15.1;
					};
					33306E0A2B3FD28E00BC6DD2 = {
						CreatedOnToolsVersion = 15.1;
						TestTargetID = 33306DFA2B3FD28D00BC6DD2;
					};
					33306E142B3FD28E00BC6DD2 = {
						CreatedOnToolsVersion = 15.1;
						TestTargetID = 33306DFA2B3FD28D00BC6DD2;
					};
				};
			};
			buildConfigurationList = 33306DF62B3FD28C00BC6DD2 /* Build configuration list for PBXProject "PetsUI" */;
			compatibilityVersion = "Xcode 14.0";
			developmentRegion = en;
			hasScannedForEncodings = 0;
			knownRegions = (
				en,
				Base,
			);
			mainGroup = 33306DF22B3FD28C00BC6DD2;
			productRefGroup = 33306DFC2B3FD28D00BC6DD2 /* Products */;
			projectDirPath = "";
			projectRoot = "";
			targets = (
				33306DFA2B3FD28D00BC6DD2 /* PetsUI */,
				33306E0A2B3FD28E00BC6DD2 /* PetsUITests */,
				33306E142B3FD28E00BC6DD2 /* PetsUIUITests */,
			);
		};
/* End PBXProject section */

/* Begin PBXResourcesBuildPhase section */
		33306DF92B3FD28D00BC6DD2 /* Resources */ = {
			isa = PBXResourcesBuildPhase;
			buildActionMask = 2147483647;
			files = (
				33306E062B3FD28E00BC6DD2 /* Preview Assets.xcassets in Resources */,
				33306E032B3FD28E00BC6DD2 /* Assets.xcassets in Resources */,
			);
			runOnlyForDeploymentPostprocessing = 0;
		};
		33306E092B3FD28E00BC6DD2 /* Resources */ = {
			isa = PBXResourcesBuildPhase;
			buildActionMask = 2147483647;
			files = (
			);
			runOnlyForDeploymentPostprocessing = 0;
		};
		33306E132B3FD28E00BC6DD2 /* Resources */ = {
			isa = PBXResourcesBuildPhase;
			buildActionMask = 2147483647;
			files = (
			);
			runOnlyForDeploymentPostprocessing = 0;
		};
/* End PBXResourcesBuildPhase section */

/* Begin PBXSourcesBuildPhase section */
		33306DF72B3FD28D00BC6DD2 /* Sources */ = {
			isa = PBXSourcesBuildPhase;
			buildActionMask = 2147483647;
			files = (
				9CFAE8932B40157C00E49666 /* WebService.swift in Sources */,
				9CFAE8A32B40323900E49666 /* View+Extensions.swift in Sources */,
				9CFAE89C2B40190F00E49666 /* UIComponents.swift in Sources */,
				9CFAE8A02B40313400E49666 /* FeaturedImageUIModel.swift in Sources */,
				33C6ABBA2B4248FE00875FBA /* Dictonary + Extension.swift in Sources */,
				9CFAE8A62B40332100E49666 /* PetListViewModel.swift in Sources */,
				9CFAE89E2B40199100E49666 /* FeaturedImageComponent.swift in Sources */,
				9CFAE8992B40174400E49666 /* ScreenModel.swift in Sources */,
				33306E012B3FD28D00BC6DD2 /* ContentView.swift in Sources */,
				33306DFF2B3FD28D00BC6DD2 /* PetsUIApp.swift in Sources */,
				9CFAE8962B4015B400E49666 /* Cosntant.swift in Sources */,
			);
			runOnlyForDeploymentPostprocessing = 0;
		};
		33306E072B3FD28E00BC6DD2 /* Sources */ = {
			isa = PBXSourcesBuildPhase;
			buildActionMask = 2147483647;
			files = (
				33306E102B3FD28E00BC6DD2 /* PetsUITests.swift in Sources */,
			);
			runOnlyForDeploymentPostprocessing = 0;
		};
		33306E112B3FD28E00BC6DD2 /* Sources */ = {
			isa = PBXSourcesBuildPhase;
			buildActionMask = 2147483647;
			files = (
				33306E1C2B3FD28E00BC6DD2 /* PetsUIUITestsLaunchTests.swift in Sources */,
				33306E1A2B3FD28E00BC6DD2 /* PetsUIUITests.swift in Sources */,
			);
			runOnlyForDeploymentPostprocessing = 0;
		};
/* End PBXSourcesBuildPhase section */

/* Begin PBXTargetDependency section */
		33306E0D2B3FD28E00BC6DD2 /* PBXTargetDependency */ = {
			isa = PBXTargetDependency;
			target = 33306DFA2B3FD28D00BC6DD2 /* PetsUI */;
			targetProxy = 33306E0C2B3FD28E00BC6DD2 /* PBXContainerItemProxy */;
		};
		33306E172B3FD28E00BC6DD2 /* PBXTargetDependency */ = {
			isa = PBXTargetDependency;
			target = 33306DFA2B3FD28D00BC6DD2 /* PetsUI */;
			targetProxy = 33306E162B3FD28E00BC6DD2 /* PBXContainerItemProxy */;
		};
/* End PBXTargetDependency section */

/* Begin XCBuildConfiguration section */
		33306E1D2B3FD28E00BC6DD2 /* Debug */ = {
			isa = XCBuildConfiguration;
			buildSettings = {
				ALWAYS_SEARCH_USER_PATHS = NO;
				ASSETCATALOG_COMPILER_GENERATE_SWIFT_ASSET_SYMBOL_EXTENSIONS = YES;
				CLANG_ANALYZER_NONNULL = YES;
				CLANG_ANALYZER_NUMBER_OBJECT_CONVERSION = YES_AGGRESSIVE;
				CLANG_CXX_LANGUAGE_STANDARD = "gnu++20";
				CLANG_ENABLE_MODULES = YES;
				CLANG_ENABLE_OBJC_ARC = YES;
				CLANG_ENABLE_OBJC_WEAK = YES;
				CLANG_WARN_BLOCK_CAPTURE_AUTORELEASING = YES;
				CLANG_WARN_BOOL_CONVERSION = YES;
				CLANG_WARN_COMMA = YES;
				CLANG_WARN_CONSTANT_CONVERSION = YES;
				CLANG_WARN_DEPRECATED_OBJC_IMPLEMENTATIONS = YES;
				CLANG_WARN_DIRECT_OBJC_ISA_USAGE = YES_ERROR;
				CLANG_WARN_DOCUMENTATION_COMMENTS = YES;
				CLANG_WARN_EMPTY_BODY = YES;
				CLANG_WARN_ENUM_CONVERSION = YES;
				CLANG_WARN_INFINITE_RECURSION = YES;
				CLANG_WARN_INT_CONVERSION = YES;
				CLANG_WARN_NON_LITERAL_NULL_CONVERSION = YES;
				CLANG_WARN_OBJC_IMPLICIT_RETAIN_SELF = YES;
				CLANG_WARN_OBJC_LITERAL_CONVERSION = YES;
				CLANG_WARN_OBJC_ROOT_CLASS = YES_ERROR;
				CLANG_WARN_QUOTED_INCLUDE_IN_FRAMEWORK_HEADER = YES;
				CLANG_WARN_RANGE_LOOP_ANALYSIS = YES;
				CLANG_WARN_STRICT_PROTOTYPES = YES;
				CLANG_WARN_SUSPICIOUS_MOVE = YES;
				CLANG_WARN_UNGUARDED_AVAILABILITY = YES_AGGRESSIVE;
				CLANG_WARN_UNREACHABLE_CODE = YES;
				CLANG_WARN__DUPLICATE_METHOD_MATCH = YES;
				COPY_PHASE_STRIP = NO;
				DEBUG_INFORMATION_FORMAT = dwarf;
				ENABLE_STRICT_OBJC_MSGSEND = YES;
				ENABLE_TESTABILITY = YES;
				ENABLE_USER_SCRIPT_SANDBOXING = YES;
				GCC_C_LANGUAGE_STANDARD = gnu17;
				GCC_DYNAMIC_NO_PIC = NO;
				GCC_NO_COMMON_BLOCKS = YES;
				GCC_OPTIMIZATION_LEVEL = 0;
				GCC_PREPROCESSOR_DEFINITIONS = (
					"DEBUG=1",
					"$(inherited)",
				);
				GCC_WARN_64_TO_32_BIT_CONVERSION = YES;
				GCC_WARN_ABOUT_RETURN_TYPE = YES_ERROR;
				GCC_WARN_UNDECLARED_SELECTOR = YES;
				GCC_WARN_UNINITIALIZED_AUTOS = YES_AGGRESSIVE;
				GCC_WARN_UNUSED_FUNCTION = YES;
				GCC_WARN_UNUSED_VARIABLE = YES;
				IPHONEOS_DEPLOYMENT_TARGET = 17.2;
				LOCALIZATION_PREFERS_STRING_CATALOGS = YES;
				MTL_ENABLE_DEBUG_INFO = INCLUDE_SOURCE;
				MTL_FAST_MATH = YES;
				ONLY_ACTIVE_ARCH = YES;
				SDKROOT = iphoneos;
				SWIFT_ACTIVE_COMPILATION_CONDITIONS = "DEBUG $(inherited)";
				SWIFT_OPTIMIZATION_LEVEL = "-Onone";
			};
			name = Debug;
		};
		33306E1E2B3FD28E00BC6DD2 /* Release */ = {
			isa = XCBuildConfiguration;
			buildSettings = {
				ALWAYS_SEARCH_USER_PATHS = NO;
				ASSETCATALOG_COMPILER_GENERATE_SWIFT_ASSET_SYMBOL_EXTENSIONS = YES;
				CLANG_ANALYZER_NONNULL = YES;
				CLANG_ANALYZER_NUMBER_OBJECT_CONVERSION = YES_AGGRESSIVE;
				CLANG_CXX_LANGUAGE_STANDARD = "gnu++20";
				CLANG_ENABLE_MODULES = YES;
				CLANG_ENABLE_OBJC_ARC = YES;
				CLANG_ENABLE_OBJC_WEAK = YES;
				CLANG_WARN_BLOCK_CAPTURE_AUTORELEASING = YES;
				CLANG_WARN_BOOL_CONVERSION = YES;
				CLANG_WARN_COMMA = YES;
				CLANG_WARN_CONSTANT_CONVERSION = YES;
				CLANG_WARN_DEPRECATED_OBJC_IMPLEMENTATIONS = YES;
				CLANG_WARN_DIRECT_OBJC_ISA_USAGE = YES_ERROR;
				CLANG_WARN_DOCUMENTATION_COMMENTS = YES;
				CLANG_WARN_EMPTY_BODY = YES;
				CLANG_WARN_ENUM_CONVERSION = YES;
				CLANG_WARN_INFINITE_RECURSION = YES;
				CLANG_WARN_INT_CONVERSION = YES;
				CLANG_WARN_NON_LITERAL_NULL_CONVERSION = YES;
				CLANG_WARN_OBJC_IMPLICIT_RETAIN_SELF = YES;
				CLANG_WARN_OBJC_LITERAL_CONVERSION = YES;
				CLANG_WARN_OBJC_ROOT_CLASS = YES_ERROR;
				CLANG_WARN_QUOTED_INCLUDE_IN_FRAMEWORK_HEADER = YES;
				CLANG_WARN_RANGE_LOOP_ANALYSIS = YES;
				CLANG_WARN_STRICT_PROTOTYPES = YES;
				CLANG_WARN_SUSPICIOUS_MOVE = YES;
				CLANG_WARN_UNGUARDED_AVAILABILITY = YES_AGGRESSIVE;
				CLANG_WARN_UNREACHABLE_CODE = YES;
				CLANG_WARN__DUPLICATE_METHOD_MATCH = YES;
				COPY_PHASE_STRIP = NO;
				DEBUG_INFORMATION_FORMAT = "dwarf-with-dsym";
				ENABLE_NS_ASSERTIONS = NO;
				ENABLE_STRICT_OBJC_MSGSEND = YES;
				ENABLE_USER_SCRIPT_SANDBOXING = YES;
				GCC_C_LANGUAGE_STANDARD = gnu17;
				GCC_NO_COMMON_BLOCKS = YES;
				GCC_WARN_64_TO_32_BIT_CONVERSION = YES;
				GCC_WARN_ABOUT_RETURN_TYPE = YES_ERROR;
				GCC_WARN_UNDECLARED_SELECTOR = YES;
				GCC_WARN_UNINITIALIZED_AUTOS = YES_AGGRESSIVE;
				GCC_WARN_UNUSED_FUNCTION = YES;
				GCC_WARN_UNUSED_VARIABLE = YES;
				IPHONEOS_DEPLOYMENT_TARGET = 17.2;
				LOCALIZATION_PREFERS_STRING_CATALOGS = YES;
				MTL_ENABLE_DEBUG_INFO = NO;
				MTL_FAST_MATH = YES;
				SDKROOT = iphoneos;
				SWIFT_COMPILATION_MODE = wholemodule;
				VALIDATE_PRODUCT = YES;
			};
			name = Release;
		};
		33306E202B3FD28E00BC6DD2 /* Debug */ = {
			isa = XCBuildConfiguration;
			buildSettings = {
				ASSETCATALOG_COMPILER_APPICON_NAME = AppIcon;
				ASSETCATALOG_COMPILER_GLOBAL_ACCENT_COLOR_NAME = AccentColor;
				CODE_SIGN_STYLE = Automatic;
				CURRENT_PROJECT_VERSION = 1;
				DEVELOPMENT_ASSET_PATHS = "\"PetsUI/Preview Content\"";
				DEVELOPMENT_TEAM = LJB4NY42B7;
				ENABLE_PREVIEWS = YES;
				GENERATE_INFOPLIST_FILE = YES;
				INFOPLIST_KEY_UIApplicationSceneManifest_Generation = YES;
				INFOPLIST_KEY_UIApplicationSupportsIndirectInputEvents = YES;
				INFOPLIST_KEY_UILaunchScreen_Generation = YES;
				INFOPLIST_KEY_UISupportedInterfaceOrientations = "UIInterfaceOrientationLandscapeLeft UIInterfaceOrientationLandscapeRight UIInterfaceOrientationPortrait";
				INFOPLIST_KEY_UISupportedInterfaceOrientations_iPad = UIInterfaceOrientationPortrait;
				LD_RUNPATH_SEARCH_PATHS = (
					"$(inherited)",
					"@executable_path/Frameworks",
				);
				MARKETING_VERSION = 1.0;
				PRODUCT_BUNDLE_IDENTIFIER = com.saavajmediaworks.www.PetsUI;
				PRODUCT_NAME = "$(TARGET_NAME)";
				SUPPORTED_PLATFORMS = "iphoneos iphonesimulator";
				SUPPORTS_MACCATALYST = NO;
				SUPPORTS_MAC_DESIGNED_FOR_IPHONE_IPAD = NO;
				SWIFT_EMIT_LOC_STRINGS = YES;
				SWIFT_VERSION = 5.0;
				TARGETED_DEVICE_FAMILY = 1;
			};
			name = Debug;
		};
		33306E212B3FD28E00BC6DD2 /* Release */ = {
			isa = XCBuildConfiguration;
			buildSettings = {
				ASSETCATALOG_COMPILER_APPICON_NAME = AppIcon;
				ASSETCATALOG_COMPILER_GLOBAL_ACCENT_COLOR_NAME = AccentColor;
				CODE_SIGN_STYLE = Automatic;
				CURRENT_PROJECT_VERSION = 1;
				DEVELOPMENT_ASSET_PATHS = "\"PetsUI/Preview Content\"";
				DEVELOPMENT_TEAM = LJB4NY42B7;
				ENABLE_PREVIEWS = YES;
				GENERATE_INFOPLIST_FILE = YES;
				INFOPLIST_KEY_UIApplicationSceneManifest_Generation = YES;
				INFOPLIST_KEY_UIApplicationSupportsIndirectInputEvents = YES;
				INFOPLIST_KEY_UILaunchScreen_Generation = YES;
				INFOPLIST_KEY_UISupportedInterfaceOrientations = "UIInterfaceOrientationLandscapeLeft UIInterfaceOrientationLandscapeRight UIInterfaceOrientationPortrait";
				INFOPLIST_KEY_UISupportedInterfaceOrientations_iPad = UIInterfaceOrientationPortrait;
				LD_RUNPATH_SEARCH_PATHS = (
					"$(inherited)",
					"@executable_path/Frameworks",
				);
				MARKETING_VERSION = 1.0;
				PRODUCT_BUNDLE_IDENTIFIER = com.saavajmediaworks.www.PetsUI;
				PRODUCT_NAME = "$(TARGET_NAME)";
				SUPPORTED_PLATFORMS = "iphoneos iphonesimulator";
				SUPPORTS_MACCATALYST = NO;
				SUPPORTS_MAC_DESIGNED_FOR_IPHONE_IPAD = NO;
				SWIFT_EMIT_LOC_STRINGS = YES;
				SWIFT_VERSION = 5.0;
				TARGETED_DEVICE_FAMILY = 1;
			};
			name = Release;
		};
		33306E232B3FD28E00BC6DD2 /* Debug */ = {
			isa = XCBuildConfiguration;
			buildSettings = {
				ALWAYS_EMBED_SWIFT_STANDARD_LIBRARIES = YES;
				BUNDLE_LOADER = "$(TEST_HOST)";
				CODE_SIGN_STYLE = Automatic;
				CURRENT_PROJECT_VERSION = 1;
				DEVELOPMENT_TEAM = LJB4NY42B7;
				GENERATE_INFOPLIST_FILE = YES;
				IPHONEOS_DEPLOYMENT_TARGET = 17.2;
				MARKETING_VERSION = 1.0;
				PRODUCT_BUNDLE_IDENTIFIER = com.saavajmediaworks.www.PetsUITests;
				PRODUCT_NAME = "$(TARGET_NAME)";
				SWIFT_EMIT_LOC_STRINGS = NO;
				SWIFT_VERSION = 5.0;
				TARGETED_DEVICE_FAMILY = "1,2";
				TEST_HOST = "$(BUILT_PRODUCTS_DIR)/PetsUI.app/$(BUNDLE_EXECUTABLE_FOLDER_PATH)/PetsUI";
			};
			name = Debug;
		};
		33306E242B3FD28E00BC6DD2 /* Release */ = {
			isa = XCBuildConfiguration;
			buildSettings = {
				ALWAYS_EMBED_SWIFT_STANDARD_LIBRARIES = YES;
				BUNDLE_LOADER = "$(TEST_HOST)";
				CODE_SIGN_STYLE = Automatic;
				CURRENT_PROJECT_VERSION = 1;
				DEVELOPMENT_TEAM = LJB4NY42B7;
				GENERATE_INFOPLIST_FILE = YES;
				IPHONEOS_DEPLOYMENT_TARGET = 17.2;
				MARKETING_VERSION = 1.0;
				PRODUCT_BUNDLE_IDENTIFIER = com.saavajmediaworks.www.PetsUITests;
				PRODUCT_NAME = "$(TARGET_NAME)";
				SWIFT_EMIT_LOC_STRINGS = NO;
				SWIFT_VERSION = 5.0;
				TARGETED_DEVICE_FAMILY = "1,2";
				TEST_HOST = "$(BUILT_PRODUCTS_DIR)/PetsUI.app/$(BUNDLE_EXECUTABLE_FOLDER_PATH)/PetsUI";
			};
			name = Release;
		};
		33306E262B3FD28E00BC6DD2 /* Debug */ = {
			isa = XCBuildConfiguration;
			buildSettings = {
				ALWAYS_EMBED_SWIFT_STANDARD_LIBRARIES = YES;
				CODE_SIGN_STYLE = Automatic;
				CURRENT_PROJECT_VERSION = 1;
				DEVELOPMENT_TEAM = LJB4NY42B7;
				GENERATE_INFOPLIST_FILE = YES;
				MARKETING_VERSION = 1.0;
				PRODUCT_BUNDLE_IDENTIFIER = com.saavajmediaworks.www.PetsUIUITests;
				PRODUCT_NAME = "$(TARGET_NAME)";
				SWIFT_EMIT_LOC_STRINGS = NO;
				SWIFT_VERSION = 5.0;
				TARGETED_DEVICE_FAMILY = "1,2";
				TEST_TARGET_NAME = PetsUI;
			};
			name = Debug;
		};
		33306E272B3FD28E00BC6DD2 /* Release */ = {
			isa = XCBuildConfiguration;
			buildSettings = {
				ALWAYS_EMBED_SWIFT_STANDARD_LIBRARIES = YES;
				CODE_SIGN_STYLE = Automatic;
				CURRENT_PROJECT_VERSION = 1;
				DEVELOPMENT_TEAM = LJB4NY42B7;
				GENERATE_INFOPLIST_FILE = YES;
				MARKETING_VERSION = 1.0;
				PRODUCT_BUNDLE_IDENTIFIER = com.saavajmediaworks.www.PetsUIUITests;
				PRODUCT_NAME = "$(TARGET_NAME)";
				SWIFT_EMIT_LOC_STRINGS = NO;
				SWIFT_VERSION = 5.0;
				TARGETED_DEVICE_FAMILY = "1,2";
				TEST_TARGET_NAME = PetsUI;
			};
			name = Release;
		};
/* End XCBuildConfiguration section */

/* Begin XCConfigurationList section */
		33306DF62B3FD28C00BC6DD2 /* Build configuration list for PBXProject "PetsUI" */ = {
			isa = XCConfigurationList;
			buildConfigurations = (
				33306E1D2B3FD28E00BC6DD2 /* Debug */,
				33306E1E2B3FD28E00BC6DD2 /* Release */,
			);
			defaultConfigurationIsVisible = 0;
			defaultConfigurationName = Release;
		};
		33306E1F2B3FD28E00BC6DD2 /* Build configuration list for PBXNativeTarget "PetsUI" */ = {
			isa = XCConfigurationList;
			buildConfigurations = (
				33306E202B3FD28E00BC6DD2 /* Debug */,
				33306E212B3FD28E00BC6DD2 /* Release */,
			);
			defaultConfigurationIsVisible = 0;
			defaultConfigurationName = Release;
		};
		33306E222B3FD28E00BC6DD2 /* Build configuration list for PBXNativeTarget "PetsUITests" */ = {
			isa = XCConfigurationList;
			buildConfigurations = (
				33306E232B3FD28E00BC6DD2 /* Debug */,
				33306E242B3FD28E00BC6DD2 /* Release */,
			);
			defaultConfigurationIsVisible = 0;
			defaultConfigurationName = Release;
		};
		33306E252B3FD28E00BC6DD2 /* Build configuration list for PBXNativeTarget "PetsUIUITests" */ = {
			isa = XCConfigurationList;
			buildConfigurations = (
				33306E262B3FD28E00BC6DD2 /* Debug */,
				33306E272B3FD28E00BC6DD2 /* Release */,
			);
			defaultConfigurationIsVisible = 0;
			defaultConfigurationName = Release;
		};
/* End XCConfigurationList section */
	};
	rootObject = 33306DF32B3FD28C00BC6DD2 /* Project object */;
}
